
Microsoft Visual Studio Solution File, Format Version 12.00
# Visual Studio Version 16
VisualStudioVersion = 16.0.32002.261
MinimumVisualStudioVersion = 10.0.40219.1
Project("{FAE04EC0-301F-11D3-BF4B-00C04F79EFBC}") = "MyListGenerics", "MyListGenerics\MyListGenerics.csproj", "{58784DC4-C207-446F-BAD3-D2AAAB186CB4}"
EndProject
Global
	GlobalSection(SolutionConfigurationPlatforms) = preSolution
		Debug|Any CPU = Debug|Any CPU
		Release|Any CPU = Release|Any CPU
	EndGlobalSection
	GlobalSection(ProjectConfigurationPlatforms) = postSolution
		{58784DC4-C207-446F-BAD3-D2AAAB186CB4}.Debug|Any CPU.ActiveCfg = Debug|Any CPU
		{58784DC4-C207-446F-BAD3-D2AAAB186CB4}.Debug|Any CPU.Build.0 = Debug|Any CPU
		{58784DC4-C207-446F-BAD3-D2AAAB186CB4}.Release|Any CPU.ActiveCfg = Release|Any CPU
		{58784DC4-C207-446F-BAD3-D2AAAB186CB4}.Release|Any CPU.Build.0 = Release|Any CPU
	EndGlobalSection
	GlobalSection(SolutionProperties) = preSolution
		HideSolutionNode = FALSE
	EndGlobalSection
	GlobalSection(ExtensibilityGlobals) = postSolution
		SolutionGuid = {FE65B390-5532-4E23-A25D-07B9E2E24AF6}
	EndGlobalSection
EndGlobal
